// !$*UTF8*$!
{
	archiveVersion = 1;
	classes = {
	};
	objectVersion = 46;
	objects = {

/* Begin PBXBuildFile section */
		3F8227A81CBBF8D900B20999 /* SudokuBoardFrame.swift in Sources */ = {isa = PBXBuildFile; fileRef = 3F8227A71CBBF8D900B20999 /* SudokuBoardFrame.swift */; };
		3F8227AA1CBFEE0800B20999 /* Solver.swift in Sources */ = {isa = PBXBuildFile; fileRef = 3F8227A91CBFEE0700B20999 /* Solver.swift */; };
		3FA089291CB5682C00352158 /* SudokuCell.swift in Sources */ = {isa = PBXBuildFile; fileRef = 3FA089281CB5682C00352158 /* SudokuCell.swift */; };
		3FF846CC1CB4101700E1D710 /* AppDelegate.swift in Sources */ = {isa = PBXBuildFile; fileRef = 3FF846CB1CB4101700E1D710 /* AppDelegate.swift */; };
		3FF846CE1CB4101700E1D710 /* ViewController.swift in Sources */ = {isa = PBXBuildFile; fileRef = 3FF846CD1CB4101700E1D710 /* ViewController.swift */; };
		3FF846D11CB4101700E1D710 /* Main.storyboard in Resources */ = {isa = PBXBuildFile; fileRef = 3FF846CF1CB4101700E1D710 /* Main.storyboard */; };
		3FF846D31CB4101700E1D710 /* Assets.xcassets in Resources */ = {isa = PBXBuildFile; fileRef = 3FF846D21CB4101700E1D710 /* Assets.xcassets */; };
		3FF846D61CB4101700E1D710 /* LaunchScreen.storyboard in Resources */ = {isa = PBXBuildFile; fileRef = 3FF846D41CB4101700E1D710 /* LaunchScreen.storyboard */; };
		3FF846E11CB4101700E1D710 /* SudokuTests.swift in Sources */ = {isa = PBXBuildFile; fileRef = 3FF846E01CB4101700E1D710 /* SudokuTests.swift */; };
		3FF846EC1CB4101700E1D710 /* SudokuUITests.swift in Sources */ = {isa = PBXBuildFile; fileRef = 3FF846EB1CB4101700E1D710 /* SudokuUITests.swift */; };
/* End PBXBuildFile section */

/* Begin PBXContainerItemProxy section */
		3FF846DD1CB4101700E1D710 /* PBXContainerItemProxy */ = {
			isa = PBXContainerItemProxy;
			containerPortal = 3FF846C01CB4101700E1D710 /* Project object */;
			proxyType = 1;
			remoteGlobalIDString = 3FF846C71CB4101700E1D710;
			remoteInfo = Sudoku;
		};
		3FF846E81CB4101700E1D710 /* PBXContainerItemProxy */ = {
			isa = PBXContainerItemProxy;
			containerPortal = 3FF846C01CB4101700E1D710 /* Project object */;
			proxyType = 1;
			remoteGlobalIDString = 3FF846C71CB4101700E1D710;
			remoteInfo = Sudoku;
		};
/* End PBXContainerItemProxy section */

/* Begin PBXFileReference section */
		3F8227A71CBBF8D900B20999 /* SudokuBoardFrame.swift */ = {isa = PBXFileReference; fileEncoding = 4; lastKnownFileType = sourcecode.swift; path = SudokuBoardFrame.swift; sourceTree = "<group>"; };
		3F8227A91CBFEE0700B20999 /* Solver.swift */ = {isa = PBXFileReference; fileEncoding = 4; lastKnownFileType = sourcecode.swift; path = Solver.swift; sourceTree = "<group>"; };
		3FA089281CB5682C00352158 /* SudokuCell.swift */ = {isa = PBXFileReference; fileEncoding = 4; lastKnownFileType = sourcecode.swift; path = SudokuCell.swift; sourceTree = "<group>"; };
		3FF846C81CB4101700E1D710 /* Sudoku.app */ = {isa = PBXFileReference; explicitFileType = wrapper.application; includeInIndex = 0; path = Sudoku.app; sourceTree = BUILT_PRODUCTS_DIR; };
		3FF846CB1CB4101700E1D710 /* AppDelegate.swift */ = {isa = PBXFileReference; lastKnownFileType = sourcecode.swift; path = AppDelegate.swift; sourceTree = "<group>"; };
		3FF846CD1CB4101700E1D710 /* ViewController.swift */ = {isa = PBXFileReference; lastKnownFileType = sourcecode.swift; path = ViewController.swift; sourceTree = "<group>"; };
		3FF846D01CB4101700E1D710 /* Base */ = {isa = PBXFileReference; lastKnownFileType = file.storyboard; name = Base; path = Base.lproj/Main.storyboard; sourceTree = "<group>"; };
		3FF846D21CB4101700E1D710 /* Assets.xcassets */ = {isa = PBXFileReference; lastKnownFileType = folder.assetcatalog; path = Assets.xcassets; sourceTree = "<group>"; };
		3FF846D51CB4101700E1D710 /* Base */ = {isa = PBXFileReference; lastKnownFileType = file.storyboard; name = Base; path = Base.lproj/LaunchScreen.storyboard; sourceTree = "<group>"; };
		3FF846D71CB4101700E1D710 /* Info.plist */ = {isa = PBXFileReference; lastKnownFileType = text.plist.xml; path = Info.plist; sourceTree = "<group>"; };
		3FF846DC1CB4101700E1D710 /* SudokuTests.xctest */ = {isa = PBXFileReference; explicitFileType = wrapper.cfbundle; includeInIndex = 0; path = SudokuTests.xctest; sourceTree = BUILT_PRODUCTS_DIR; };
		3FF846E01CB4101700E1D710 /* SudokuTests.swift */ = {isa = PBXFileReference; lastKnownFileType = sourcecode.swift; path = SudokuTests.swift; sourceTree = "<group>"; };
		3FF846E21CB4101700E1D710 /* Info.plist */ = {isa = PBXFileReference; lastKnownFileType = text.plist.xml; path = Info.plist; sourceTree = "<group>"; };
		3FF846E71CB4101700E1D710 /* SudokuUITests.xctest */ = {isa = PBXFileReference; explicitFileType = wrapper.cfbundle; includeInIndex = 0; path = SudokuUITests.xctest; sourceTree = BUILT_PRODUCTS_DIR; };
		3FF846EB1CB4101700E1D710 /* SudokuUITests.swift */ = {isa = PBXFileReference; lastKnownFileType = sourcecode.swift; path = SudokuUITests.swift; sourceTree = "<group>"; };
		3FF846ED1CB4101700E1D710 /* Info.plist */ = {isa = PBXFileReference; lastKnownFileType = text.plist.xml; path = Info.plist; sourceTree = "<group>"; };
/* End PBXFileReference section */

/* Begin PBXFrameworksBuildPhase section */
		3FF846C51CB4101700E1D710 /* Frameworks */ = {
			isa = PBXFrameworksBuildPhase;
			buildActionMask = 2147483647;
			files = (
			);
			runOnlyForDeploymentPostprocessing = 0;
		};
		3FF846D91CB4101700E1D710 /* Frameworks */ = {
			isa = PBXFrameworksBuildPhase;
			buildActionMask = 2147483647;
			files = (
			);
			runOnlyForDeploymentPostprocessing = 0;
		};
		3FF846E41CB4101700E1D710 /* Frameworks */ = {
			isa = PBXFrameworksBuildPhase;
			buildActionMask = 2147483647;
			files = (
			);
			runOnlyForDeploymentPostprocessing = 0;
		};
/* End PBXFrameworksBuildPhase section */

/* Begin PBXGroup section */
		3FF846BF1CB4101700E1D710 = {
			isa = PBXGroup;
			children = (
				3FF846CA1CB4101700E1D710 /* Sudoku */,
				3FF846DF1CB4101700E1D710 /* SudokuTests */,
				3FF846EA1CB4101700E1D710 /* SudokuUITests */,
				3FF846C91CB4101700E1D710 /* Products */,
			);
			sourceTree = "<group>";
		};
		3FF846C91CB4101700E1D710 /* Products */ = {
			isa = PBXGroup;
			children = (
				3FF846C81CB4101700E1D710 /* Sudoku.app */,
				3FF846DC1CB4101700E1D710 /* SudokuTests.xctest */,
				3FF846E71CB4101700E1D710 /* SudokuUITests.xctest */,
			);
			name = Products;
			sourceTree = "<group>";
		};
		3FF846CA1CB4101700E1D710 /* Sudoku */ = {
			isa = PBXGroup;
			children = (
				3FF846CB1CB4101700E1D710 /* AppDelegate.swift */,
				3FF846CD1CB4101700E1D710 /* ViewController.swift */,
				3F8227A91CBFEE0700B20999 /* Solver.swift */,
				3FA089281CB5682C00352158 /* SudokuCell.swift */,
				3F8227A71CBBF8D900B20999 /* SudokuBoardFrame.swift */,
				3FF846CF1CB4101700E1D710 /* Main.storyboard */,
				3FF846D21CB4101700E1D710 /* Assets.xcassets */,
				3FF846D41CB4101700E1D710 /* LaunchScreen.storyboard */,
				3FF846D71CB4101700E1D710 /* Info.plist */,
			);
			path = Sudoku;
			sourceTree = "<group>";
		};
		3FF846DF1CB4101700E1D710 /* SudokuTests */ = {
			isa = PBXGroup;
			children = (
				3FF846E01CB4101700E1D710 /* SudokuTests.swift */,
				3FF846E21CB4101700E1D710 /* Info.plist */,
			);
			path = SudokuTests;
			sourceTree = "<group>";
		};
		3FF846EA1CB4101700E1D710 /* SudokuUITests */ = {
			isa = PBXGroup;
			children = (
				3FF846EB1CB4101700E1D710 /* SudokuUITests.swift */,
				3FF846ED1CB4101700E1D710 /* Info.plist */,
			);
			path = SudokuUITests;
			sourceTree = "<group>";
		};
/* End PBXGroup section */

/* Begin PBXNativeTarget section */
		3FF846C71CB4101700E1D710 /* Sudoku */ = {
			isa = PBXNativeTarget;
			buildConfigurationList = 3FF846F01CB4101700E1D710 /* Build configuration list for PBXNativeTarget "Sudoku" */;
			buildPhases = (
				3FF846C41CB4101700E1D710 /* Sources */,
				3FF846C51CB4101700E1D710 /* Frameworks */,
				3FF846C61CB4101700E1D710 /* Resources */,
			);
			buildRules = (
			);
			dependencies = (
			);
			name = Sudoku;
			productName = Sudoku;
			productReference = 3FF846C81CB4101700E1D710 /* Sudoku.app */;
			productType = "com.apple.product-type.application";
		};
		3FF846DB1CB4101700E1D710 /* SudokuTests */ = {
			isa = PBXNativeTarget;
			buildConfigurationList = 3FF846F31CB4101700E1D710 /* Build configuration list for PBXNativeTarget "SudokuTests" */;
			buildPhases = (
				3FF846D81CB4101700E1D710 /* Sources */,
				3FF846D91CB4101700E1D710 /* Frameworks */,
				3FF846DA1CB4101700E1D710 /* Resources */,
			);
			buildRules = (
			);
			dependencies = (
				3FF846DE1CB4101700E1D710 /* PBXTargetDependency */,
			);
			name = SudokuTests;
			productName = SudokuTests;
			productReference = 3FF846DC1CB4101700E1D710 /* SudokuTests.xctest */;
			productType = "com.apple.product-type.bundle.unit-test";
		};
		3FF846E61CB4101700E1D710 /* SudokuUITests */ = {
			isa = PBXNativeTarget;
			buildConfigurationList = 3FF846F61CB4101700E1D710 /* Build configuration list for PBXNativeTarget "SudokuUITests" */;
			buildPhases = (
				3FF846E31CB4101700E1D710 /* Sources */,
				3FF846E41CB4101700E1D710 /* Frameworks */,
				3FF846E51CB4101700E1D710 /* Resources */,
			);
			buildRules = (
			);
			dependencies = (
				3FF846E91CB4101700E1D710 /* PBXTargetDependency */,
			);
			name = SudokuUITests;
			productName = SudokuUITests;
			productReference = 3FF846E71CB4101700E1D710 /* SudokuUITests.xctest */;
			productType = "com.apple.product-type.bundle.ui-testing";
		};
/* End PBXNativeTarget section */

/* Begin PBXProject section */
		3FF846C01CB4101700E1D710 /* Project object */ = {
			isa = PBXProject;
			attributes = {
				LastSwiftUpdateCheck = 0730;
				LastUpgradeCheck = 0730;
				ORGANIZATIONNAME = mwarren;
				TargetAttributes = {
					3FF846C71CB4101700E1D710 = {
						CreatedOnToolsVersion = 7.3;
					};
					3FF846DB1CB4101700E1D710 = {
						CreatedOnToolsVersion = 7.3;
						TestTargetID = 3FF846C71CB4101700E1D710;
					};
					3FF846E61CB4101700E1D710 = {
						CreatedOnToolsVersion = 7.3;
						TestTargetID = 3FF846C71CB4101700E1D710;
					};
				};
			};
			buildConfigurationList = 3FF846C31CB4101700E1D710 /* Build configuration list for PBXProject "Sudoku" */;
			compatibilityVersion = "Xcode 3.2";
			developmentRegion = English;
			hasScannedForEncodings = 0;
			knownRegions = (
				en,
				Base,
			);
			mainGroup = 3FF846BF1CB4101700E1D710;
			productRefGroup = 3FF846C91CB4101700E1D710 /* Products */;
			projectDirPath = "";
			projectRoot = "";
			targets = (
				3FF846C71CB4101700E1D710 /* Sudoku */,
				3FF846DB1CB4101700E1D710 /* SudokuTests */,
				3FF846E61CB4101700E1D710 /* SudokuUITests */,
			);
		};
/* End PBXProject section */

/* Begin PBXResourcesBuildPhase section */
		3FF846C61CB4101700E1D710 /* Resources */ = {
			isa = PBXResourcesBuildPhase;
			buildActionMask = 2147483647;
			files = (
				3FF846D61CB4101700E1D710 /* LaunchScreen.storyboard in Resources */,
				3FF846D31CB4101700E1D710 /* Assets.xcassets in Resources */,
				3FF846D11CB4101700E1D710 /* Main.storyboard in Resources */,
			);
			runOnlyForDeploymentPostprocessing = 0;
		};
		3FF846DA1CB4101700E1D710 /* Resources */ = {
			isa = PBXResourcesBuildPhase;
			buildActionMask = 2147483647;
			files = (
			);
			runOnlyForDeploymentPostprocessing = 0;
		};
		3FF846E51CB4101700E1D710 /* Resources */ = {
			isa = PBXResourcesBuildPhase;
			buildActionMask = 2147483647;
			files = (
			);
			runOnlyForDeploymentPostprocessing = 0;
		};
/* End PBXResourcesBuildPhase section */

/* Begin PBXSourcesBuildPhase section */
		3FF846C41CB4101700E1D710 /* Sources */ = {
			isa = PBXSourcesBuildPhase;
			buildActionMask = 2147483647;
			files = (
				3F8227AA1CBFEE0800B20999 /* Solver.swift in Sources */,
				3FF846CE1CB4101700E1D710 /* ViewController.swift in Sources */,
				3FA089291CB5682C00352158 /* SudokuCell.swift in Sources */,
				3F8227A81CBBF8D900B20999 /* SudokuBoardFrame.swift in Sources */,
				3FF846CC1CB4101700E1D710 /* AppDelegate.swift in Sources */,
			);
			runOnlyForDeploymentPostprocessing = 0;
		};
		3FF846D81CB4101700E1D710 /* Sources */ = {
			isa = PBXSourcesBuildPhase;
			buildActionMask = 2147483647;
			files = (
				3FF846E11CB4101700E1D710 /* SudokuTests.swift in Sources */,
			);
			runOnlyForDeploymentPostprocessing = 0;
		};
		3FF846E31CB4101700E1D710 /* Sources */ = {
			isa = PBXSourcesBuildPhase;
			buildActionMask = 2147483647;
			files = (
				3FF846EC1CB4101700E1D710 /* SudokuUITests.swift in Sources */,
			);
			runOnlyForDeploymentPostprocessing = 0;
		};
/* End PBXSourcesBuildPhase section */

/* Begin PBXTargetDependency section */
		3FF846DE1CB4101700E1D710 /* PBXTargetDependency */ = {
			isa = PBXTargetDependency;
			target = 3FF846C71CB4101700E1D710 /* Sudoku */;
			targetProxy = 3FF846DD1CB4101700E1D710 /* PBXContainerItemProxy */;
		};
		3FF846E91CB4101700E1D710 /* PBXTargetDependency */ = {
			isa = PBXTargetDependency;
			target = 3FF846C71CB4101700E1D710 /* Sudoku */;
			targetProxy = 3FF846E81CB4101700E1D710 /* PBXContainerItemProxy */;
		};
/* End PBXTargetDependency section */

/* Begin PBXVariantGroup section */
		3FF846CF1CB4101700E1D710 /* Main.storyboard */ = {
			isa = PBXVariantGroup;
			children = (
				3FF846D01CB4101700E1D710 /* Base */,
			);
			name = Main.storyboard;
			sourceTree = "<group>";
		};
		3FF846D41CB4101700E1D710 /* LaunchScreen.storyboard */ = {
			isa = PBXVariantGroup;
			children = (
				3FF846D51CB4101700E1D710 /* Base */,
			);
			name = LaunchScreen.storyboard;
			sourceTree = "<group>";
		};
/* End PBXVariantGroup section */

/* Begin XCBuildConfiguration section */
		3FF846EE1CB4101700E1D710 /* Debug */ = {
			isa = XCBuildConfiguration;
			buildSettings = {
				ALWAYS_SEARCH_USER_PATHS = NO;
				CLANG_ANALYZER_NONNULL = YES;
				CLANG_CXX_LANGUAGE_STANDARD = "gnu++0x";
				CLANG_CXX_LIBRARY = "libc++";
				CLANG_ENABLE_MODULES = YES;
				CLANG_ENABLE_OBJC_ARC = YES;
				CLANG_WARN_BOOL_CONVERSION = YES;
				CLANG_WARN_CONSTANT_CONVERSION = YES;
				CLANG_WARN_DIRECT_OBJC_ISA_USAGE = YES_ERROR;
				CLANG_WARN_EMPTY_BODY = YES;
				CLANG_WARN_ENUM_CONVERSION = YES;
				CLANG_WARN_INT_CONVERSION = YES;
				CLANG_WARN_OBJC_ROOT_CLASS = YES_ERROR;
				CLANG_WARN_UNREACHABLE_CODE = YES;
				CLANG_WARN__DUPLICATE_METHOD_MATCH = YES;
				"CODE_SIGN_IDENTITY[sdk=iphoneos*]" = "iPhone Developer";
				COPY_PHASE_STRIP = NO;
				DEBUG_INFORMATION_FORMAT = dwarf;
				ENABLE_STRICT_OBJC_MSGSEND = YES;
				ENABLE_TESTABILITY = YES;
				GCC_C_LANGUAGE_STANDARD = gnu99;
				GCC_DYNAMIC_NO_PIC = NO;
				GCC_NO_COMMON_BLOCKS = YES;
				GCC_OPTIMIZATION_LEVEL = 0;
				GCC_PREPROCESSOR_DEFINITIONS = (
					"DEBUG=1",
					"$(inherited)",
				);
				GCC_WARN_64_TO_32_BIT_CONVERSION = YES;
				GCC_WARN_ABOUT_RETURN_TYPE = YES_ERROR;
				GCC_WARN_UNDECLARED_SELECTOR = YES;
				GCC_WARN_UNINITIALIZED_AUTOS = YES_AGGRESSIVE;
				GCC_WARN_UNUSED_FUNCTION = YES;
				GCC_WARN_UNUSED_VARIABLE = YES;
				IPHONEOS_DEPLOYMENT_TARGET = 9.3;
				MTL_ENABLE_DEBUG_INFO = YES;
				ONLY_ACTIVE_ARCH = YES;
				SDKROOT = iphoneos;
				SWIFT_OPTIMIZATION_LEVEL = "-Onone";
				TARGETED_DEVICE_FAMILY = "1,2";
			};
			name = Debug;
		};
		3FF846EF1CB4101700E1D710 /* Release */ = {
			isa = XCBuildConfiguration;
			buildSettings = {
				ALWAYS_SEARCH_USER_PATHS = NO;
				CLANG_ANALYZER_NONNULL = YES;
				CLANG_CXX_LANGUAGE_STANDARD = "gnu++0x";
				CLANG_CXX_LIBRARY = "libc++";
				CLANG_ENABLE_MODULES = YES;
				CLANG_ENABLE_OBJC_ARC = YES;
				CLANG_WARN_BOOL_CONVERSION = YES;
				CLANG_WARN_CONSTANT_CONVERSION = YES;
				CLANG_WARN_DIRECT_OBJC_ISA_USAGE = YES_ERROR;
				CLANG_WARN_EMPTY_BODY = YES;
				CLANG_WARN_ENUM_CONVERSION = YES;
				CLANG_WARN_INT_CONVERSION = YES;
				CLANG_WARN_OBJC_ROOT_CLASS = YES_ERROR;
				CLANG_WARN_UNREACHABLE_CODE = YES;
				CLANG_WARN__DUPLICATE_METHOD_MATCH = YES;
				"CODE_SIGN_IDENTITY[sdk=iphoneos*]" = "iPhone Developer";
				COPY_PHASE_STRIP = NO;
				DEBUG_INFORMATION_FORMAT = "dwarf-with-dsym";
				ENABLE_NS_ASSERTIONS = NO;
				ENABLE_STRICT_OBJC_MSGSEND = YES;
				GCC_C_LANGUAGE_STANDARD = gnu99;
				GCC_NO_COMMON_BLOCKS = YES;
				GCC_WARN_64_TO_32_BIT_CONVERSION = YES;
				GCC_WARN_ABOUT_RETURN_TYPE = YES_ERROR;
				GCC_WARN_UNDECLARED_SELECTOR = YES;
				GCC_WARN_UNINITIALIZED_AUTOS = YES_AGGRESSIVE;
				GCC_WARN_UNUSED_FUNCTION = YES;
				GCC_WARN_UNUSED_VARIABLE = YES;
				IPHONEOS_DEPLOYMENT_TARGET = 9.3;
				MTL_ENABLE_DEBUG_INFO = NO;
				SDKROOT = iphoneos;
				TARGETED_DEVICE_FAMILY = "1,2";
				VALIDATE_PRODUCT = YES;
			};
			name = Release;
		};
		3FF846F11CB4101700E1D710 /* Debug */ = {
			isa = XCBuildConfiguration;
			buildSettings = {
				ASSETCATALOG_COMPILER_APPICON_NAME = AppIcon;
				INFOPLIST_FILE = Sudoku/Info.plist;
				LD_RUNPATH_SEARCH_PATHS = "$(inherited) @executable_path/Frameworks";
				PRODUCT_BUNDLE_IDENTIFIER = matt.Sudoku;
				PRODUCT_NAME = "$(TARGET_NAME)";
			};
			name = Debug;
		};
		3FF846F21CB4101700E1D710 /* Release */ = {
			isa = XCBuildConfiguration;
			buildSettings = {
				ASSETCATALOG_COMPILER_APPICON_NAME = AppIcon;
				INFOPLIST_FILE = Sudoku/Info.plist;
				LD_RUNPATH_SEARCH_PATHS = "$(inherited) @executable_path/Frameworks";
				PRODUCT_BUNDLE_IDENTIFIER = matt.Sudoku;
				PRODUCT_NAME = "$(TARGET_NAME)";
			};
			name = Release;
		};
		3FF846F41CB4101700E1D710 /* Debug */ = {
			isa = XCBuildConfiguration;
			buildSettings = {
				BUNDLE_LOADER = "$(TEST_HOST)";
				INFOPLIST_FILE = SudokuTests/Info.plist;
				LD_RUNPATH_SEARCH_PATHS = "$(inherited) @executable_path/Frameworks @loader_path/Frameworks";
				PRODUCT_BUNDLE_IDENTIFIER = matt.SudokuTests;
				PRODUCT_NAME = "$(TARGET_NAME)";
				TEST_HOST = "$(BUILT_PRODUCTS_DIR)/Sudoku.app/Sudoku";
			};
			name = Debug;
		};
		3FF846F51CB4101700E1D710 /* Release */ = {
			isa = XCBuildConfiguration;
			buildSettings = {
				BUNDLE_LOADER = "$(TEST_HOST)";
				INFOPLIST_FILE = SudokuTests/Info.plist;
				LD_RUNPATH_SEARCH_PATHS = "$(inherited) @executable_path/Frameworks @loader_path/Frameworks";
				PRODUCT_BUNDLE_IDENTIFIER = matt.SudokuTests;
				PRODUCT_NAME = "$(TARGET_NAME)";
				TEST_HOST = "$(BUILT_PRODUCTS_DIR)/Sudoku.app/Sudoku";
			};
			name = Release;
		};
		3FF846F71CB4101700E1D710 /* Debug */ = {
			isa = XCBuildConfiguration;
			buildSettings = {
				INFOPLIST_FILE = SudokuUITests/Info.plist;
				LD_RUNPATH_SEARCH_PATHS = "$(inherited) @executable_path/Frameworks @loader_path/Frameworks";
				PRODUCT_BUNDLE_IDENTIFIER = matt.SudokuUITests;
				PRODUCT_NAME = "$(TARGET_NAME)";
				TEST_TARGET_NAME = Sudoku;
			};
			name = Debug;
		};
		3FF846F81CB4101700E1D710 /* Release */ = {
			isa = XCBuildConfiguration;
			buildSettings = {
				INFOPLIST_FILE = SudokuUITests/Info.plist;
				LD_RUNPATH_SEARCH_PATHS = "$(inherited) @executable_path/Frameworks @loader_path/Frameworks";
				PRODUCT_BUNDLE_IDENTIFIER = matt.SudokuUITests;
				PRODUCT_NAME = "$(TARGET_NAME)";
				TEST_TARGET_NAME = Sudoku;
			};
			name = Release;
		};
/* End XCBuildConfiguration section */

/* Begin XCConfigurationList section */
		3FF846C31CB4101700E1D710 /* Build configuration list for PBXProject "Sudoku" */ = {
			isa = XCConfigurationList;
			buildConfigurations = (
				3FF846EE1CB4101700E1D710 /* Debug */,
				3FF846EF1CB4101700E1D710 /* Release */,
			);
			defaultConfigurationIsVisible = 0;
			defaultConfigurationName = Release;
		};
		3FF846F01CB4101700E1D710 /* Build configuration list for PBXNativeTarget "Sudoku" */ = {
			isa = XCConfigurationList;
			buildConfigurations = (
				3FF846F11CB4101700E1D710 /* Debug */,
				3FF846F21CB4101700E1D710 /* Release */,
			);
			defaultConfigurationIsVisible = 0;
			defaultConfigurationName = Release;
		};
		3FF846F31CB4101700E1D710 /* Build configuration list for PBXNativeTarget "SudokuTests" */ = {
			isa = XCConfigurationList;
			buildConfigurations = (
				3FF846F41CB4101700E1D710 /* Debug */,
				3FF846F51CB4101700E1D710 /* Release */,
			);
			defaultConfigurationIsVisible = 0;
			defaultConfigurationName = Release;
		};
		3FF846F61CB4101700E1D710 /* Build configuration list for PBXNativeTarget "SudokuUITests" */ = {
			isa = XCConfigurationList;
			buildConfigurations = (
				3FF846F71CB4101700E1D710 /* Debug */,
				3FF846F81CB4101700E1D710 /* Release */,
			);
			defaultConfigurationIsVisible = 0;
			defaultConfigurationName = Release;
		};
/* End XCConfigurationList section */
	};
	rootObject = 3FF846C01CB4101700E1D710 /* Project object */;
}
